
Microsoft Visual Studio Solution File, Format Version 12.00
# Visual Studio 2012
Project("{FAE04EC0-301F-11D3-BF4B-00C04F79EFBC}") = "SGCellBar", "SGCellBar\SGCellBar.csproj", "{048946FD-EDA5-4D12-A227-3C22F7D1CD76}"
EndProject
Global
	GlobalSection(SolutionConfigurationPlatforms) = preSolution
		Ad-Hoc|iPhone = Ad-Hoc|iPhone
		Ad-Hoc|iPhoneSimulator = Ad-Hoc|iPhoneSimulator
		AppStore|iPhone = AppStore|iPhone
		AppStore|iPhoneSimulator = AppStore|iPhoneSimulator
		Debug|iPhone = Debug|iPhone
		Debug|iPhoneSimulator = Debug|iPhoneSimulator
		Release|iPhone = Release|iPhone
		Release|iPhoneSimulator = Release|iPhoneSimulator
	EndGlobalSection
	GlobalSection(ProjectConfigurationPlatforms) = postSolution
		{048946FD-EDA5-4D12-A227-3C22F7D1CD76}.Ad-Hoc|iPhone.ActiveCfg = Ad-Hoc|iPhone
		{048946FD-EDA5-4D12-A227-3C22F7D1CD76}.Ad-Hoc|iPhone.Build.0 = Ad-Hoc|iPhone
		{048946FD-EDA5-4D12-A227-3C22F7D1CD76}.Ad-Hoc|iPhoneSimulator.ActiveCfg = Ad-Hoc|iPhone
		{048946FD-EDA5-4D12-A227-3C22F7D1CD76}.Ad-Hoc|iPhoneSimulator.Build.0 = Ad-Hoc|iPhone
		{048946FD-EDA5-4D12-A227-3C22F7D1CD76}.AppStore|iPhone.ActiveCfg = AppStore|iPhone
		{048946FD-EDA5-4D12-A227-3C22F7D1CD76}.AppStore|iPhone.Build.0 = AppStore|iPhone
		{048946FD-EDA5-4D12-A227-3C22F7D1CD76}.AppStore|iPhoneSimulator.ActiveCfg = Ad-Hoc|iPhone
		{048946FD-EDA5-4D12-A227-3C22F7D1CD76}.AppStore|iPhoneSimulator.Build.0 = Ad-Hoc|iPhone
		{048946FD-EDA5-4D12-A227-3C22F7D1CD76}.Debug|iPhone.ActiveCfg = Debug|iPhone
		{048946FD-EDA5-4D12-A227-3C22F7D1CD76}.Debug|iPhone.Build.0 = Debug|iPhone
		{048946FD-EDA5-4D12-A227-3C22F7D1CD76}.Debug|iPhoneSimulator.ActiveCfg = Debug|iPhoneSimulator
		{048946FD-EDA5-4D12-A227-3C22F7D1CD76}.Debug|iPhoneSimulator.Build.0 = Debug|iPhoneSimulator
		{048946FD-EDA5-4D12-A227-3C22F7D1CD76}.Release|iPhone.ActiveCfg = Release|iPhone
		{048946FD-EDA5-4D12-A227-3C22F7D1CD76}.Release|iPhone.Build.0 = Release|iPhone
		{048946FD-EDA5-4D12-A227-3C22F7D1CD76}.Release|iPhoneSimulator.ActiveCfg = Release|iPhoneSimulator
		{048946FD-EDA5-4D12-A227-3C22F7D1CD76}.Release|iPhoneSimulator.Build.0 = Release|iPhoneSimulator
	EndGlobalSection
	GlobalSection(MonoDevelopProperties) = preSolution
		StartupItem = SGCellBar\SGCellBar.csproj
	EndGlobalSection
	GlobalSection(SolutionProperties) = preSolution
		HideSolutionNode = FALSE
	EndGlobalSection
EndGlobal
